
Microsoft Visual Studio Solution File, Format Version 12.00
Project("{2150E333-8FDC-42A3-9474-1A3956D46DE8}") = "src", "src", "{1FCE25F5-FA2F-4162-9D57-1A389129E808}"
EndProject
Project("{FAE04EC0-301F-11D3-BF4B-00C04F79EFBC}") = "TestApi", "src\TestApi\TestApi.csproj", "{01D13246-25E4-4464-BD59-28B6410F98C9}"
EndProject
Project("{F2A71F9B-5D33-465A-A702-920D77279786}") = "CodePrep.SharedKernel", "src\CodePrep.SharedKernel\CodePrep.SharedKernel.fsproj", "{63B3A8C0-8FB3-4D60-A900-564C00B8AB36}"
EndProject
Project("{F2A71F9B-5D33-465A-A702-920D77279786}") = "CodePrep", "src\CodePrep\CodePrep.fsproj", "{84360E1C-69C4-458E-9043-E8E4AE3EB061}"
EndProject
Global
	GlobalSection(SolutionConfigurationPlatforms) = preSolution
		Debug|Any CPU = Debug|Any CPU
		Release|Any CPU = Release|Any CPU
	EndGlobalSection
	GlobalSection(NestedProjects) = preSolution
		{01D13246-25E4-4464-BD59-28B6410F98C9} = {1FCE25F5-FA2F-4162-9D57-1A389129E808}
		{63B3A8C0-8FB3-4D60-A900-564C00B8AB36} = {1FCE25F5-FA2F-4162-9D57-1A389129E808}
		{84360E1C-69C4-458E-9043-E8E4AE3EB061} = {1FCE25F5-FA2F-4162-9D57-1A389129E808}
	EndGlobalSection
	GlobalSection(ProjectConfigurationPlatforms) = postSolution
		{01D13246-25E4-4464-BD59-28B6410F98C9}.Debug|Any CPU.ActiveCfg = Debug|Any CPU
		{01D13246-25E4-4464-BD59-28B6410F98C9}.Debug|Any CPU.Build.0 = Debug|Any CPU
		{01D13246-25E4-4464-BD59-28B6410F98C9}.Release|Any CPU.ActiveCfg = Release|Any CPU
		{01D13246-25E4-4464-BD59-28B6410F98C9}.Release|Any CPU.Build.0 = Release|Any CPU
		{63B3A8C0-8FB3-4D60-A900-564C00B8AB36}.Debug|Any CPU.ActiveCfg = Debug|Any CPU
		{63B3A8C0-8FB3-4D60-A900-564C00B8AB36}.Debug|Any CPU.Build.0 = Debug|Any CPU
		{63B3A8C0-8FB3-4D60-A900-564C00B8AB36}.Release|Any CPU.ActiveCfg = Release|Any CPU
		{63B3A8C0-8FB3-4D60-A900-564C00B8AB36}.Release|Any CPU.Build.0 = Release|Any CPU
		{84360E1C-69C4-458E-9043-E8E4AE3EB061}.Debug|Any CPU.ActiveCfg = Debug|Any CPU
		{84360E1C-69C4-458E-9043-E8E4AE3EB061}.Debug|Any CPU.Build.0 = Debug|Any CPU
		{84360E1C-69C4-458E-9043-E8E4AE3EB061}.Release|Any CPU.ActiveCfg = Release|Any CPU
		{84360E1C-69C4-458E-9043-E8E4AE3EB061}.Release|Any CPU.Build.0 = Release|Any CPU
	EndGlobalSection
EndGlobal
